
Microsoft Visual Studio Solution File, Format Version 12.00
# Visual Studio Version 17
VisualStudioVersion = 17.11.35219.272
MinimumVisualStudioVersion = 10.0.40219.1
Project("{FAE04EC0-301F-11D3-BF4B-00C04F79EFBC}") = "Calculadora", "Calculadora\Calculadora.csproj", "{4854C831-E3E5-4F01-B19B-A1C06891D153}"
EndProject
Global
	GlobalSection(SolutionConfigurationPlatforms) = preSolution
		Debug|Any CPU = Debug|Any CPU
		Release|Any CPU = Release|Any CPU
	EndGlobalSection
	GlobalSection(ProjectConfigurationPlatforms) = postSolution
		{4854C831-E3E5-4F01-B19B-A1C06891D153}.Debug|Any CPU.ActiveCfg = Debug|Any CPU
		{4854C831-E3E5-4F01-B19B-A1C06891D153}.Debug|Any CPU.Build.0 = Debug|Any CPU
		{4854C831-E3E5-4F01-B19B-A1C06891D153}.Release|Any CPU.ActiveCfg = Release|Any CPU
		{4854C831-E3E5-4F01-B19B-A1C06891D153}.Release|Any CPU.Build.0 = Release|Any CPU
	EndGlobalSection
	GlobalSection(SolutionProperties) = preSolution
		HideSolutionNode = FALSE
	EndGlobalSection
	GlobalSection(ExtensibilityGlobals) = postSolution
		SolutionGuid = {62C5A1F9-B3B0-41F8-956B-CFFD6D170406}
	EndGlobalSection
EndGlobal
